
Microsoft Visual Studio Solution File, Format Version 12.00
# Visual Studio Version 16
VisualStudioVersion = 16.0.29613.14
MinimumVisualStudioVersion = 10.0.40219.1
Project("{FAE04EC0-301F-11D3-BF4B-00C04F79EFBC}") = "ChatApplication", "ChatApplication\ChatApplication.csproj", "{5CE88906-1DD1-4850-A32F-F8DAA526C555}"
EndProject
Global
	GlobalSection(SolutionConfigurationPlatforms) = preSolution
		Debug|Any CPU = Debug|Any CPU
		Release|Any CPU = Release|Any CPU
	EndGlobalSection
	GlobalSection(ProjectConfigurationPlatforms) = postSolution
		{5CE88906-1DD1-4850-A32F-F8DAA526C555}.Debug|Any CPU.ActiveCfg = Debug|Any CPU
		{5CE88906-1DD1-4850-A32F-F8DAA526C555}.Debug|Any CPU.Build.0 = Debug|Any CPU
		{5CE88906-1DD1-4850-A32F-F8DAA526C555}.Release|Any CPU.ActiveCfg = Release|Any CPU
		{5CE88906-1DD1-4850-A32F-F8DAA526C555}.Release|Any CPU.Build.0 = Release|Any CPU
	EndGlobalSection
	GlobalSection(SolutionProperties) = preSolution
		HideSolutionNode = FALSE
	EndGlobalSection
	GlobalSection(ExtensibilityGlobals) = postSolution
		SolutionGuid = {4B1FDA50-B9BC-4D90-957F-00739907A554}
	EndGlobalSection
EndGlobal
